
Microsoft Visual Studio Solution File, Format Version 12.00
# Visual Studio Version 17
VisualStudioVersion = 17.0.32014.148
MinimumVisualStudioVersion = 10.0.40219.1
Project("{9A19103F-16F7-4668-BE54-9A1E7A4F7556}") = "DisprzAssmnt", "DisprzAssmnt\DisprzAssmnt.csproj", "{07009BC2-5F46-4F0C-8863-EE3763ED6E00}"
EndProject

Global
	GlobalSection(SolutionConfigurationPlatforms) = preSolution
		Debug|Any CPU = Debug|Any CPU
		Release|Any CPU = Release|Any CPU
	EndGlobalSection
	GlobalSection(ProjectConfigurationPlatforms) = postSolution
		{07009BC2-5F46-4F0C-8863-EE3763ED6E00}.Debug|Any CPU.ActiveCfg = Debug|Any CPU
		{07009BC2-5F46-4F0C-8863-EE3763ED6E00}.Debug|Any CPU.Build.0 = Debug|Any CPU
		{07009BC2-5F46-4F0C-8863-EE3763ED6E00}.Release|Any CPU.ActiveCfg = Release|Any CPU
		{07009BC2-5F46-4F0C-8863-EE3763ED6E00}.Release|Any CPU.Build.0 = Release|Any CPU
		{C7091CB5-7206-40AD-B02A-617EE5C4FAEA}.Debug|Any CPU.ActiveCfg = Debug|Any CPU
		{C7091CB5-7206-40AD-B02A-617EE5C4FAEA}.Debug|Any CPU.Build.0 = Debug|Any CPU
		{C7091CB5-7206-40AD-B02A-617EE5C4FAEA}.Release|Any CPU.ActiveCfg = Release|Any CPU
		{C7091CB5-7206-40AD-B02A-617EE5C4FAEA}.Release|Any CPU.Build.0 = Release|Any CPU
	EndGlobalSection
	GlobalSection(SolutionProperties) = preSolution
		HideSolutionNode = FALSE
	EndGlobalSection
	GlobalSection(ExtensibilityGlobals) = postSolution
		SolutionGuid = {036518CD-190D-49CF-B475-6F10068C56DD}
	EndGlobalSection
EndGlobal
